
Microsoft Visual Studio Solution File, Format Version 12.00
# Visual Studio Version 16
VisualStudioVersion = 16.0.30225.117
MinimumVisualStudioVersion = 10.0.40219.1
Project("{8BC9CEB8-8B4A-11D0-8D11-00A0C91BC942}") = "G2_DxLib_RPG", "G2_DxLib_RPG.vcxproj", "{D3D15DDA-23A4-4F4C-80C1-C3D5CD89454E}"
EndProject
Global
	GlobalSection(SolutionConfigurationPlatforms) = preSolution
		Debug|x64 = Debug|x64
		Debug|x86 = Debug|x86
		Release|x64 = Release|x64
		Release|x86 = Release|x86
	EndGlobalSection
	GlobalSection(ProjectConfigurationPlatforms) = postSolution
		{D3D15DDA-23A4-4F4C-80C1-C3D5CD89454E}.Debug|x64.ActiveCfg = Debug|x64
		{D3D15DDA-23A4-4F4C-80C1-C3D5CD89454E}.Debug|x64.Build.0 = Debug|x64
		{D3D15DDA-23A4-4F4C-80C1-C3D5CD89454E}.Debug|x86.ActiveCfg = Debug|Win32
		{D3D15DDA-23A4-4F4C-80C1-C3D5CD89454E}.Debug|x86.Build.0 = Debug|Win32
		{D3D15DDA-23A4-4F4C-80C1-C3D5CD89454E}.Release|x64.ActiveCfg = Release|x64
		{D3D15DDA-23A4-4F4C-80C1-C3D5CD89454E}.Release|x64.Build.0 = Release|x64
		{D3D15DDA-23A4-4F4C-80C1-C3D5CD89454E}.Release|x86.ActiveCfg = Release|Win32
		{D3D15DDA-23A4-4F4C-80C1-C3D5CD89454E}.Release|x86.Build.0 = Release|Win32
	EndGlobalSection
	GlobalSection(SolutionProperties) = preSolution
		HideSolutionNode = FALSE
	EndGlobalSection
	GlobalSection(ExtensibilityGlobals) = postSolution
		SolutionGuid = {F4B704E1-34A3-49F3-B2EB-057FFA665B09}
	EndGlobalSection
EndGlobal
